
Microsoft Visual Studio Solution File, Format Version 12.00
# Visual Studio Version 17
VisualStudioVersion = 17.14.35821.62
MinimumVisualStudioVersion = 10.0.40219.1
Project("{8BC9CEB8-8B4A-11D0-8D11-00A0C91BC942}") = "FutureEngine", "FutureEngine.vcxproj", "{4A696EC7-A942-47C5-AA0A-FE0105009827}"
EndProject
Project("{8BC9CEB8-8B4A-11D0-8D11-00A0C91BC942}") = "FutureCallingEp1", "..\FutureCallingEp1\FutureCallingEp1.vcxproj", "{3C604199-D995-4FD6-B5B7-4C5F8CF19989}"
	ProjectSection(ProjectDependencies) = postProject
		{4A696EC7-A942-47C5-AA0A-FE0105009827} = {4A696EC7-A942-47C5-AA0A-FE0105009827}
	EndProjectSection
EndProject
Project("{8BC9CEB8-8B4A-11D0-8D11-00A0C91BC942}") = "FuturePlatform", "..\FutureEd\FutureEd.vcxproj", "{6E36BE6A-6DBC-4BAB-BAC6-F540141D2F66}"
	ProjectSection(ProjectDependencies) = postProject
		{4A696EC7-A942-47C5-AA0A-FE0105009827} = {4A696EC7-A942-47C5-AA0A-FE0105009827}
		{67A5F1BA-D3DF-44BF-AC1A-DA7DD5513E98} = {67A5F1BA-D3DF-44BF-AC1A-DA7DD5513E98}
	EndProjectSection
EndProject
Project("{8BC9CEB8-8B4A-11D0-8D11-00A0C91BC942}") = "FutureApp", "..\FutureApp\FutureApp.vcxproj", "{67A5F1BA-D3DF-44BF-AC1A-DA7DD5513E98}"
EndProject
Project("{8BC9CEB8-8B4A-11D0-8D11-00A0C91BC942}") = "FPTestApp", "..\FPTestApp\FPTestApp.vcxproj", "{AA5606B9-82EA-40FE-9AAB-97056AC5D7D0}"
EndProject
Project("{8BC9CEB8-8B4A-11D0-8D11-00A0C91BC942}") = "OpenSpace", "..\OpenSpace\OpenSpace.vcxproj", "{09AADE5B-257E-4935-A733-C0BF404272C9}"
	ProjectSection(ProjectDependencies) = postProject
		{4A696EC7-A942-47C5-AA0A-FE0105009827} = {4A696EC7-A942-47C5-AA0A-FE0105009827}
		{67A5F1BA-D3DF-44BF-AC1A-DA7DD5513E98} = {67A5F1BA-D3DF-44BF-AC1A-DA7DD5513E98}
	EndProjectSection
EndProject
Global
	GlobalSection(SolutionConfigurationPlatforms) = preSolution
		Debug|x64 = Debug|x64
		Debug|x86 = Debug|x86
		Release|x64 = Release|x64
		Release|x86 = Release|x86
	EndGlobalSection
	GlobalSection(ProjectConfigurationPlatforms) = postSolution
		{4A696EC7-A942-47C5-AA0A-FE0105009827}.Debug|x64.ActiveCfg = Debug|x64
		{4A696EC7-A942-47C5-AA0A-FE0105009827}.Debug|x64.Build.0 = Debug|x64
		{4A696EC7-A942-47C5-AA0A-FE0105009827}.Debug|x86.ActiveCfg = Debug|Win32
		{4A696EC7-A942-47C5-AA0A-FE0105009827}.Debug|x86.Build.0 = Debug|Win32
		{4A696EC7-A942-47C5-AA0A-FE0105009827}.Release|x64.ActiveCfg = Release|x64
		{4A696EC7-A942-47C5-AA0A-FE0105009827}.Release|x64.Build.0 = Release|x64
		{4A696EC7-A942-47C5-AA0A-FE0105009827}.Release|x86.ActiveCfg = Release|Win32
		{4A696EC7-A942-47C5-AA0A-FE0105009827}.Release|x86.Build.0 = Release|Win32
		{3C604199-D995-4FD6-B5B7-4C5F8CF19989}.Debug|x64.ActiveCfg = Debug|x64
		{3C604199-D995-4FD6-B5B7-4C5F8CF19989}.Debug|x64.Build.0 = Debug|x64
		{3C604199-D995-4FD6-B5B7-4C5F8CF19989}.Debug|x86.ActiveCfg = Debug|Win32
		{3C604199-D995-4FD6-B5B7-4C5F8CF19989}.Debug|x86.Build.0 = Debug|Win32
		{3C604199-D995-4FD6-B5B7-4C5F8CF19989}.Release|x64.ActiveCfg = Release|x64
		{3C604199-D995-4FD6-B5B7-4C5F8CF19989}.Release|x64.Build.0 = Release|x64
		{3C604199-D995-4FD6-B5B7-4C5F8CF19989}.Release|x86.ActiveCfg = Release|Win32
		{3C604199-D995-4FD6-B5B7-4C5F8CF19989}.Release|x86.Build.0 = Release|Win32
		{6E36BE6A-6DBC-4BAB-BAC6-F540141D2F66}.Debug|x64.ActiveCfg = Debug|x64
		{6E36BE6A-6DBC-4BAB-BAC6-F540141D2F66}.Debug|x64.Build.0 = Debug|x64
		{6E36BE6A-6DBC-4BAB-BAC6-F540141D2F66}.Debug|x86.ActiveCfg = Debug|Win32
		{6E36BE6A-6DBC-4BAB-BAC6-F540141D2F66}.Debug|x86.Build.0 = Debug|Win32
		{6E36BE6A-6DBC-4BAB-BAC6-F540141D2F66}.Release|x64.ActiveCfg = Release|x64
		{6E36BE6A-6DBC-4BAB-BAC6-F540141D2F66}.Release|x64.Build.0 = Release|x64
		{6E36BE6A-6DBC-4BAB-BAC6-F540141D2F66}.Release|x86.ActiveCfg = Release|Win32
		{6E36BE6A-6DBC-4BAB-BAC6-F540141D2F66}.Release|x86.Build.0 = Release|Win32
		{67A5F1BA-D3DF-44BF-AC1A-DA7DD5513E98}.Debug|x64.ActiveCfg = Debug|x64
		{67A5F1BA-D3DF-44BF-AC1A-DA7DD5513E98}.Debug|x64.Build.0 = Debug|x64
		{67A5F1BA-D3DF-44BF-AC1A-DA7DD5513E98}.Debug|x86.ActiveCfg = Debug|Win32
		{67A5F1BA-D3DF-44BF-AC1A-DA7DD5513E98}.Debug|x86.Build.0 = Debug|Win32
		{67A5F1BA-D3DF-44BF-AC1A-DA7DD5513E98}.Release|x64.ActiveCfg = Release|x64
		{67A5F1BA-D3DF-44BF-AC1A-DA7DD5513E98}.Release|x64.Build.0 = Release|x64
		{67A5F1BA-D3DF-44BF-AC1A-DA7DD5513E98}.Release|x86.ActiveCfg = Release|Win32
		{67A5F1BA-D3DF-44BF-AC1A-DA7DD5513E98}.Release|x86.Build.0 = Release|Win32
		{AA5606B9-82EA-40FE-9AAB-97056AC5D7D0}.Debug|x64.ActiveCfg = Debug|x64
		{AA5606B9-82EA-40FE-9AAB-97056AC5D7D0}.Debug|x64.Build.0 = Debug|x64
		{AA5606B9-82EA-40FE-9AAB-97056AC5D7D0}.Debug|x86.ActiveCfg = Debug|Win32
		{AA5606B9-82EA-40FE-9AAB-97056AC5D7D0}.Debug|x86.Build.0 = Debug|Win32
		{AA5606B9-82EA-40FE-9AAB-97056AC5D7D0}.Release|x64.ActiveCfg = Release|x64
		{AA5606B9-82EA-40FE-9AAB-97056AC5D7D0}.Release|x64.Build.0 = Release|x64
		{AA5606B9-82EA-40FE-9AAB-97056AC5D7D0}.Release|x86.ActiveCfg = Release|Win32
		{AA5606B9-82EA-40FE-9AAB-97056AC5D7D0}.Release|x86.Build.0 = Release|Win32
		{09AADE5B-257E-4935-A733-C0BF404272C9}.Debug|x64.ActiveCfg = Debug|x64
		{09AADE5B-257E-4935-A733-C0BF404272C9}.Debug|x64.Build.0 = Debug|x64
		{09AADE5B-257E-4935-A733-C0BF404272C9}.Debug|x86.ActiveCfg = Debug|Win32
		{09AADE5B-257E-4935-A733-C0BF404272C9}.Debug|x86.Build.0 = Debug|Win32
		{09AADE5B-257E-4935-A733-C0BF404272C9}.Release|x64.ActiveCfg = Release|x64
		{09AADE5B-257E-4935-A733-C0BF404272C9}.Release|x64.Build.0 = Release|x64
		{09AADE5B-257E-4935-A733-C0BF404272C9}.Release|x86.ActiveCfg = Release|Win32
		{09AADE5B-257E-4935-A733-C0BF404272C9}.Release|x86.Build.0 = Release|Win32
	EndGlobalSection
	GlobalSection(SolutionProperties) = preSolution
		HideSolutionNode = FALSE
	EndGlobalSection
	GlobalSection(ExtensibilityGlobals) = postSolution
		SolutionGuid = {0DFD7614-A013-408B-B37A-D09E7DA45DDA}
	EndGlobalSection
EndGlobal
